// !$*UTF8*$!
{
	archiveVersion = 1;
	classes = {
	};
	objectVersion = 50;
	objects = {

/* Begin PBXBuildFile section */
		3905CE7D20BCAC3C0077D9AA /* EditorViewControllerExtension.swift in Sources */ = {isa = PBXBuildFile; fileRef = 3905CE7C20BCAC3C0077D9AA /* EditorViewControllerExtension.swift */; };
		3954909120B398AB0077CB1E /* AppDelegate.swift in Sources */ = {isa = PBXBuildFile; fileRef = 3954909020B398AB0077CB1E /* AppDelegate.swift */; };
		3954909320B398AB0077CB1E /* EditorViewController.swift in Sources */ = {isa = PBXBuildFile; fileRef = 3954909220B398AB0077CB1E /* EditorViewController.swift */; };
		3954909620B398AB0077CB1E /* Main.storyboard in Resources */ = {isa = PBXBuildFile; fileRef = 3954909420B398AB0077CB1E /* Main.storyboard */; };
		3954909820B398AC0077CB1E /* Assets.xcassets in Resources */ = {isa = PBXBuildFile; fileRef = 3954909720B398AC0077CB1E /* Assets.xcassets */; };
		3954909B20B398AC0077CB1E /* LaunchScreen.storyboard in Resources */ = {isa = PBXBuildFile; fileRef = 3954909920B398AC0077CB1E /* LaunchScreen.storyboard */; };
		399F846C20C9FBD4005A874D /* SentMemesTableViewController.swift in Sources */ = {isa = PBXBuildFile; fileRef = 399F846B20C9FBD4005A874D /* SentMemesTableViewController.swift */; };
		39D5F95920CB447600AB0F62 /* DetailViewController.swift in Sources */ = {isa = PBXBuildFile; fileRef = 39D5F95820CB447600AB0F62 /* DetailViewController.swift */; };
		39D7F09C20D6C38500013929 /* StructMeme.swift in Sources */ = {isa = PBXBuildFile; fileRef = 39D7F09B20D6C38500013929 /* StructMeme.swift */; };
		39D7F09E20D6C46700013929 /* StructConstants.swift in Sources */ = {isa = PBXBuildFile; fileRef = 39D7F09D20D6C46700013929 /* StructConstants.swift */; };
		39DC6F8020D8998C004EC7E5 /* Memebkp.swift in Sources */ = {isa = PBXBuildFile; fileRef = 39DC6F7F20D8998C004EC7E5 /* Memebkp.swift */; };
		39DFEF1820D496D900386E24 /* SentMemesTableViewCell.swift in Sources */ = {isa = PBXBuildFile; fileRef = 39DFEF1720D496D900386E24 /* SentMemesTableViewCell.swift */; };
		39F2066820CF23FF00846562 /* SentMemesCollectionViewController.swift in Sources */ = {isa = PBXBuildFile; fileRef = 39F2066720CF23FF00846562 /* SentMemesCollectionViewController.swift */; };
		39F2066A20CF290300846562 /* SentMemesCollectionViewCell.swift in Sources */ = {isa = PBXBuildFile; fileRef = 39F2066920CF290300846562 /* SentMemesCollectionViewCell.swift */; };
		39F35A8420B4D36900E9B570 /* TextFieldDelegate.swift in Sources */ = {isa = PBXBuildFile; fileRef = 39F35A8320B4D36900E9B570 /* TextFieldDelegate.swift */; };
/* End PBXBuildFile section */

/* Begin PBXFileReference section */
		3905CE7C20BCAC3C0077D9AA /* EditorViewControllerExtension.swift */ = {isa = PBXFileReference; lastKnownFileType = sourcecode.swift; path = EditorViewControllerExtension.swift; sourceTree = "<group>"; };
		3954908D20B398AB0077CB1E /* MemeMe.app */ = {isa = PBXFileReference; explicitFileType = wrapper.application; includeInIndex = 0; path = MemeMe.app; sourceTree = BUILT_PRODUCTS_DIR; };
		3954909020B398AB0077CB1E /* AppDelegate.swift */ = {isa = PBXFileReference; lastKnownFileType = sourcecode.swift; path = AppDelegate.swift; sourceTree = "<group>"; };
		3954909220B398AB0077CB1E /* EditorViewController.swift */ = {isa = PBXFileReference; lastKnownFileType = sourcecode.swift; path = EditorViewController.swift; sourceTree = "<group>"; };
		3954909520B398AB0077CB1E /* Base */ = {isa = PBXFileReference; lastKnownFileType = file.storyboard; name = Base; path = Base.lproj/Main.storyboard; sourceTree = "<group>"; };
		3954909720B398AC0077CB1E /* Assets.xcassets */ = {isa = PBXFileReference; lastKnownFileType = folder.assetcatalog; path = Assets.xcassets; sourceTree = "<group>"; };
		3954909A20B398AC0077CB1E /* Base */ = {isa = PBXFileReference; lastKnownFileType = file.storyboard; name = Base; path = Base.lproj/LaunchScreen.storyboard; sourceTree = "<group>"; };
		3954909C20B398AC0077CB1E /* Info.plist */ = {isa = PBXFileReference; lastKnownFileType = text.plist.xml; path = Info.plist; sourceTree = "<group>"; };
		399F846B20C9FBD4005A874D /* SentMemesTableViewController.swift */ = {isa = PBXFileReference; lastKnownFileType = sourcecode.swift; path = SentMemesTableViewController.swift; sourceTree = "<group>"; };
		39D5F95820CB447600AB0F62 /* DetailViewController.swift */ = {isa = PBXFileReference; lastKnownFileType = sourcecode.swift; path = DetailViewController.swift; sourceTree = "<group>"; };
		39D7F09B20D6C38500013929 /* StructMeme.swift */ = {isa = PBXFileReference; lastKnownFileType = sourcecode.swift; path = StructMeme.swift; sourceTree = "<group>"; };
		39D7F09D20D6C46700013929 /* StructConstants.swift */ = {isa = PBXFileReference; lastKnownFileType = sourcecode.swift; path = StructConstants.swift; sourceTree = "<group>"; };
		39DC6F7F20D8998C004EC7E5 /* Memebkp.swift */ = {isa = PBXFileReference; lastKnownFileType = sourcecode.swift; path = Memebkp.swift; sourceTree = "<group>"; };
		39DFEF1720D496D900386E24 /* SentMemesTableViewCell.swift */ = {isa = PBXFileReference; lastKnownFileType = sourcecode.swift; path = SentMemesTableViewCell.swift; sourceTree = "<group>"; };
		39F2066720CF23FF00846562 /* SentMemesCollectionViewController.swift */ = {isa = PBXFileReference; lastKnownFileType = sourcecode.swift; path = SentMemesCollectionViewController.swift; sourceTree = "<group>"; };
		39F2066920CF290300846562 /* SentMemesCollectionViewCell.swift */ = {isa = PBXFileReference; lastKnownFileType = sourcecode.swift; path = SentMemesCollectionViewCell.swift; sourceTree = "<group>"; };
		39F35A8320B4D36900E9B570 /* TextFieldDelegate.swift */ = {isa = PBXFileReference; lastKnownFileType = sourcecode.swift; path = TextFieldDelegate.swift; sourceTree = "<group>"; };
/* End PBXFileReference section */

/* Begin PBXFrameworksBuildPhase section */
		3954908A20B398AB0077CB1E /* Frameworks */ = {
			isa = PBXFrameworksBuildPhase;
			buildActionMask = 2147483647;
			files = (
			);
			runOnlyForDeploymentPostprocessing = 0;
		};
/* End PBXFrameworksBuildPhase section */

/* Begin PBXGroup section */
		3954908420B398AB0077CB1E = {
			isa = PBXGroup;
			children = (
				3954908F20B398AB0077CB1E /* MemeMe */,
				3954908E20B398AB0077CB1E /* Products */,
			);
			sourceTree = "<group>";
		};
		3954908E20B398AB0077CB1E /* Products */ = {
			isa = PBXGroup;
			children = (
				3954908D20B398AB0077CB1E /* MemeMe.app */,
			);
			name = Products;
			sourceTree = "<group>";
		};
		3954908F20B398AB0077CB1E /* MemeMe */ = {
			isa = PBXGroup;
			children = (
				39D7F09A20D6C35700013929 /* Structs */,
				3954909020B398AB0077CB1E /* AppDelegate.swift */,
				3954909220B398AB0077CB1E /* EditorViewController.swift */,
				3954909420B398AB0077CB1E /* Main.storyboard */,
				3954909720B398AC0077CB1E /* Assets.xcassets */,
				3954909920B398AC0077CB1E /* LaunchScreen.storyboard */,
				3954909C20B398AC0077CB1E /* Info.plist */,
				39F35A8320B4D36900E9B570 /* TextFieldDelegate.swift */,
				3905CE7C20BCAC3C0077D9AA /* EditorViewControllerExtension.swift */,
				399F846B20C9FBD4005A874D /* SentMemesTableViewController.swift */,
				39D5F95820CB447600AB0F62 /* DetailViewController.swift */,
				39F2066720CF23FF00846562 /* SentMemesCollectionViewController.swift */,
				39F2066920CF290300846562 /* SentMemesCollectionViewCell.swift */,
				39DFEF1720D496D900386E24 /* SentMemesTableViewCell.swift */,
			);
			path = MemeMe;
			sourceTree = "<group>";
		};
		39D7F09A20D6C35700013929 /* Structs */ = {
			isa = PBXGroup;
			children = (
				39D7F09B20D6C38500013929 /* StructMeme.swift */,
				39D7F09D20D6C46700013929 /* StructConstants.swift */,
				39DC6F7F20D8998C004EC7E5 /* Memebkp.swift */,
			);
			path = Structs;
			sourceTree = "<group>";
		};
/* End PBXGroup section */

/* Begin PBXNativeTarget section */
		3954908C20B398AB0077CB1E /* MemeMe */ = {
			isa = PBXNativeTarget;
			buildConfigurationList = 3954909F20B398AC0077CB1E /* Build configuration list for PBXNativeTarget "MemeMe" */;
			buildPhases = (
				3954908920B398AB0077CB1E /* Sources */,
				3954908A20B398AB0077CB1E /* Frameworks */,
				3954908B20B398AB0077CB1E /* Resources */,
			);
			buildRules = (
			);
			dependencies = (
			);
			name = MemeMe;
			productName = MemeMe;
			productReference = 3954908D20B398AB0077CB1E /* MemeMe.app */;
			productType = "com.apple.product-type.application";
		};
/* End PBXNativeTarget section */

/* Begin PBXProject section */
		3954908520B398AB0077CB1E /* Project object */ = {
			isa = PBXProject;
			attributes = {
				LastSwiftUpdateCheck = 0930;
				LastUpgradeCheck = 0930;
				ORGANIZATIONNAME = Bruno_W;
				TargetAttributes = {
					3954908C20B398AB0077CB1E = {
						CreatedOnToolsVersion = 9.3;
					};
				};
			};
			buildConfigurationList = 3954908820B398AB0077CB1E /* Build configuration list for PBXProject "MemeMe" */;
			compatibilityVersion = "Xcode 9.3";
			developmentRegion = en;
			hasScannedForEncodings = 0;
			knownRegions = (
				en,
				Base,
			);
			mainGroup = 3954908420B398AB0077CB1E;
			productRefGroup = 3954908E20B398AB0077CB1E /* Products */;
			projectDirPath = "";
			projectRoot = "";
			targets = (
				3954908C20B398AB0077CB1E /* MemeMe */,
			);
		};
/* End PBXProject section */

/* Begin PBXResourcesBuildPhase section */
		3954908B20B398AB0077CB1E /* Resources */ = {
			isa = PBXResourcesBuildPhase;
			buildActionMask = 2147483647;
			files = (
				3954909B20B398AC0077CB1E /* LaunchScreen.storyboard in Resources */,
				3954909820B398AC0077CB1E /* Assets.xcassets in Resources */,
				3954909620B398AB0077CB1E /* Main.storyboard in Resources */,
			);
			runOnlyForDeploymentPostprocessing = 0;
		};
/* End PBXResourcesBuildPhase section */

/* Begin PBXSourcesBuildPhase section */
		3954908920B398AB0077CB1E /* Sources */ = {
			isa = PBXSourcesBuildPhase;
			buildActionMask = 2147483647;
			files = (
				3905CE7D20BCAC3C0077D9AA /* EditorViewControllerExtension.swift in Sources */,
				39F2066820CF23FF00846562 /* SentMemesCollectionViewController.swift in Sources */,
				3954909320B398AB0077CB1E /* EditorViewController.swift in Sources */,
				3954909120B398AB0077CB1E /* AppDelegate.swift in Sources */,
				39DFEF1820D496D900386E24 /* SentMemesTableViewCell.swift in Sources */,
				39F2066A20CF290300846562 /* SentMemesCollectionViewCell.swift in Sources */,
				39D5F95920CB447600AB0F62 /* DetailViewController.swift in Sources */,
				399F846C20C9FBD4005A874D /* SentMemesTableViewController.swift in Sources */,
				39D7F09C20D6C38500013929 /* StructMeme.swift in Sources */,
				39DC6F8020D8998C004EC7E5 /* Memebkp.swift in Sources */,
				39F35A8420B4D36900E9B570 /* TextFieldDelegate.swift in Sources */,
				39D7F09E20D6C46700013929 /* StructConstants.swift in Sources */,
			);
			runOnlyForDeploymentPostprocessing = 0;
		};
/* End PBXSourcesBuildPhase section */

/* Begin PBXVariantGroup section */
		3954909420B398AB0077CB1E /* Main.storyboard */ = {
			isa = PBXVariantGroup;
			children = (
				3954909520B398AB0077CB1E /* Base */,
			);
			name = Main.storyboard;
			sourceTree = "<group>";
		};
		3954909920B398AC0077CB1E /* LaunchScreen.storyboard */ = {
			isa = PBXVariantGroup;
			children = (
				3954909A20B398AC0077CB1E /* Base */,
			);
			name = LaunchScreen.storyboard;
			sourceTree = "<group>";
		};
/* End PBXVariantGroup section */

/* Begin XCBuildConfiguration section */
		3954909D20B398AC0077CB1E /* Debug */ = {
			isa = XCBuildConfiguration;
			buildSettings = {
				ALWAYS_SEARCH_USER_PATHS = NO;
				CLANG_ANALYZER_NONNULL = YES;
				CLANG_ANALYZER_NUMBER_OBJECT_CONVERSION = YES_AGGRESSIVE;
				CLANG_CXX_LANGUAGE_STANDARD = "gnu++14";
				CLANG_CXX_LIBRARY = "libc++";
				CLANG_ENABLE_MODULES = YES;
				CLANG_ENABLE_OBJC_ARC = YES;
				CLANG_ENABLE_OBJC_WEAK = YES;
				CLANG_WARN_BLOCK_CAPTURE_AUTORELEASING = YES;
				CLANG_WARN_BOOL_CONVERSION = YES;
				CLANG_WARN_COMMA = YES;
				CLANG_WARN_CONSTANT_CONVERSION = YES;
				CLANG_WARN_DEPRECATED_OBJC_IMPLEMENTATIONS = YES;
				CLANG_WARN_DIRECT_OBJC_ISA_USAGE = YES_ERROR;
				CLANG_WARN_DOCUMENTATION_COMMENTS = YES;
				CLANG_WARN_EMPTY_BODY = YES;
				CLANG_WARN_ENUM_CONVERSION = YES;
				CLANG_WARN_INFINITE_RECURSION = YES;
				CLANG_WARN_INT_CONVERSION = YES;
				CLANG_WARN_NON_LITERAL_NULL_CONVERSION = YES;
				CLANG_WARN_OBJC_IMPLICIT_RETAIN_SELF = YES;
				CLANG_WARN_OBJC_LITERAL_CONVERSION = YES;
				CLANG_WARN_OBJC_ROOT_CLASS = YES_ERROR;
				CLANG_WARN_RANGE_LOOP_ANALYSIS = YES;
				CLANG_WARN_STRICT_PROTOTYPES = YES;
				CLANG_WARN_SUSPICIOUS_MOVE = YES;
				CLANG_WARN_UNGUARDED_AVAILABILITY = YES_AGGRESSIVE;
				CLANG_WARN_UNREACHABLE_CODE = YES;
				CLANG_WARN__DUPLICATE_METHOD_MATCH = YES;
				CODE_SIGN_IDENTITY = "iPhone Developer";
				COPY_PHASE_STRIP = NO;
				DEBUG_INFORMATION_FORMAT = dwarf;
				ENABLE_STRICT_OBJC_MSGSEND = YES;
				ENABLE_TESTABILITY = YES;
				GCC_C_LANGUAGE_STANDARD = gnu11;
				GCC_DYNAMIC_NO_PIC = NO;
				GCC_NO_COMMON_BLOCKS = YES;
				GCC_OPTIMIZATION_LEVEL = 0;
				GCC_PREPROCESSOR_DEFINITIONS = (
					"DEBUG=1",
					"$(inherited)",
				);
				GCC_WARN_64_TO_32_BIT_CONVERSION = YES;
				GCC_WARN_ABOUT_RETURN_TYPE = YES_ERROR;
				GCC_WARN_UNDECLARED_SELECTOR = YES;
				GCC_WARN_UNINITIALIZED_AUTOS = YES_AGGRESSIVE;
				GCC_WARN_UNUSED_FUNCTION = YES;
				GCC_WARN_UNUSED_VARIABLE = YES;
				IPHONEOS_DEPLOYMENT_TARGET = 11.3;
				MTL_ENABLE_DEBUG_INFO = YES;
				ONLY_ACTIVE_ARCH = YES;
				SDKROOT = iphoneos;
				SWIFT_ACTIVE_COMPILATION_CONDITIONS = DEBUG;
				SWIFT_OPTIMIZATION_LEVEL = "-Onone";
			};
			name = Debug;
		};
		3954909E20B398AC0077CB1E /* Release */ = {
			isa = XCBuildConfiguration;
			buildSettings = {
				ALWAYS_SEARCH_USER_PATHS = NO;
				CLANG_ANALYZER_NONNULL = YES;
				CLANG_ANALYZER_NUMBER_OBJECT_CONVERSION = YES_AGGRESSIVE;
				CLANG_CXX_LANGUAGE_STANDARD = "gnu++14";
				CLANG_CXX_LIBRARY = "libc++";
				CLANG_ENABLE_MODULES = YES;
				CLANG_ENABLE_OBJC_ARC = YES;
				CLANG_ENABLE_OBJC_WEAK = YES;
				CLANG_WARN_BLOCK_CAPTURE_AUTORELEASING = YES;
				CLANG_WARN_BOOL_CONVERSION = YES;
				CLANG_WARN_COMMA = YES;
				CLANG_WARN_CONSTANT_CONVERSION = YES;
				CLANG_WARN_DEPRECATED_OBJC_IMPLEMENTATIONS = YES;
				CLANG_WARN_DIRECT_OBJC_ISA_USAGE = YES_ERROR;
				CLANG_WARN_DOCUMENTATION_COMMENTS = YES;
				CLANG_WARN_EMPTY_BODY = YES;
				CLANG_WARN_ENUM_CONVERSION = YES;
				CLANG_WARN_INFINITE_RECURSION = YES;
				CLANG_WARN_INT_CONVERSION = YES;
				CLANG_WARN_NON_LITERAL_NULL_CONVERSION = YES;
				CLANG_WARN_OBJC_IMPLICIT_RETAIN_SELF = YES;
				CLANG_WARN_OBJC_LITERAL_CONVERSION = YES;
				CLANG_WARN_OBJC_ROOT_CLASS = YES_ERROR;
				CLANG_WARN_RANGE_LOOP_ANALYSIS = YES;
				CLANG_WARN_STRICT_PROTOTYPES = YES;
				CLANG_WARN_SUSPICIOUS_MOVE = YES;
				CLANG_WARN_UNGUARDED_AVAILABILITY = YES_AGGRESSIVE;
				CLANG_WARN_UNREACHABLE_CODE = YES;
				CLANG_WARN__DUPLICATE_METHOD_MATCH = YES;
				CODE_SIGN_IDENTITY = "iPhone Developer";
				COPY_PHASE_STRIP = NO;
				DEBUG_INFORMATION_FORMAT = "dwarf-with-dsym";
				ENABLE_NS_ASSERTIONS = NO;
				ENABLE_STRICT_OBJC_MSGSEND = YES;
				GCC_C_LANGUAGE_STANDARD = gnu11;
				GCC_NO_COMMON_BLOCKS = YES;
				GCC_WARN_64_TO_32_BIT_CONVERSION = YES;
				GCC_WARN_ABOUT_RETURN_TYPE = YES_ERROR;
				GCC_WARN_UNDECLARED_SELECTOR = YES;
				GCC_WARN_UNINITIALIZED_AUTOS = YES_AGGRESSIVE;
				GCC_WARN_UNUSED_FUNCTION = YES;
				GCC_WARN_UNUSED_VARIABLE = YES;
				IPHONEOS_DEPLOYMENT_TARGET = 11.3;
				MTL_ENABLE_DEBUG_INFO = NO;
				SDKROOT = iphoneos;
				SWIFT_COMPILATION_MODE = wholemodule;
				SWIFT_OPTIMIZATION_LEVEL = "-O";
				VALIDATE_PRODUCT = YES;
			};
			name = Release;
		};
		395490A020B398AC0077CB1E /* Debug */ = {
			isa = XCBuildConfiguration;
			buildSettings = {
				ASSETCATALOG_COMPILER_APPICON_NAME = AppIcon;
				CODE_SIGN_STYLE = Automatic;
				INFOPLIST_FILE = MemeMe/Info.plist;
				LD_RUNPATH_SEARCH_PATHS = (
					"$(inherited)",
					"@executable_path/Frameworks",
				);
				PRODUCT_BUNDLE_IDENTIFIER = "com.bruno-w.MemeMe";
				PRODUCT_NAME = "$(TARGET_NAME)";
				SWIFT_VERSION = 4.0;
				TARGETED_DEVICE_FAMILY = "1,2";
			};
			name = Debug;
		};
		395490A120B398AC0077CB1E /* Release */ = {
			isa = XCBuildConfiguration;
			buildSettings = {
				ASSETCATALOG_COMPILER_APPICON_NAME = AppIcon;
				CODE_SIGN_STYLE = Automatic;
				INFOPLIST_FILE = MemeMe/Info.plist;
				LD_RUNPATH_SEARCH_PATHS = (
					"$(inherited)",
					"@executable_path/Frameworks",
				);
				PRODUCT_BUNDLE_IDENTIFIER = "com.bruno-w.MemeMe";
				PRODUCT_NAME = "$(TARGET_NAME)";
				SWIFT_VERSION = 4.0;
				TARGETED_DEVICE_FAMILY = "1,2";
			};
			name = Release;
		};
/* End XCBuildConfiguration section */

/* Begin XCConfigurationList section */
		3954908820B398AB0077CB1E /* Build configuration list for PBXProject "MemeMe" */ = {
			isa = XCConfigurationList;
			buildConfigurations = (
				3954909D20B398AC0077CB1E /* Debug */,
				3954909E20B398AC0077CB1E /* Release */,
			);
			defaultConfigurationIsVisible = 0;
			defaultConfigurationName = Release;
		};
		3954909F20B398AC0077CB1E /* Build configuration list for PBXNativeTarget "MemeMe" */ = {
			isa = XCConfigurationList;
			buildConfigurations = (
				395490A020B398AC0077CB1E /* Debug */,
				395490A120B398AC0077CB1E /* Release */,
			);
			defaultConfigurationIsVisible = 0;
			defaultConfigurationName = Release;
		};
/* End XCConfigurationList section */
	};
	rootObject = 3954908520B398AB0077CB1E /* Project object */;
}
